// !$*UTF8*$!
{
	archiveVersion = 1;
	classes = {
	};
	objectVersion = 46;
	objects = {

/* Begin PBXBuildFile section */
		7506D6BD1F4CE245003392E3 /* ILColor+KitBridge.h in Headers */ = {isa = PBXBuildFile; fileRef = 7506D6BB1F4CE245003392E3 /* ILColor+KitBridge.h */; settings = {ATTRIBUTES = (Public, ); }; };
		7506D6BE1F4CE245003392E3 /* ILColor+KitBridge.m in Sources */ = {isa = PBXBuildFile; fileRef = 7506D6BC1F4CE245003392E3 /* ILColor+KitBridge.m */; };
		75543AE91F2296E60050BAF2 /* ILScreen+KitBridge.h in Headers */ = {isa = PBXBuildFile; fileRef = 75543AE71F2296E60050BAF2 /* ILScreen+KitBridge.h */; settings = {ATTRIBUTES = (Public, ); }; };
		75543AEA1F2296E60050BAF2 /* ILScreen+KitBridge.m in Sources */ = {isa = PBXBuildFile; fileRef = 75543AE81F2296E60050BAF2 /* ILScreen+KitBridge.m */; };
		75543AEB1F2297A70050BAF2 /* ILScreen+KitBridge.h in Headers */ = {isa = PBXBuildFile; fileRef = 75543AE71F2296E60050BAF2 /* ILScreen+KitBridge.h */; settings = {ATTRIBUTES = (Public, ); }; };
		756C2D961F2698CA0060F718 /* ILScreen+KitBridge.m in Sources */ = {isa = PBXBuildFile; fileRef = 75543AE81F2296E60050BAF2 /* ILScreen+KitBridge.m */; };
		756DB2281ED4FCF800B84AE7 /* ILBezierPath+KitBridge.h in Headers */ = {isa = PBXBuildFile; fileRef = 756DB2261ED4FCF800B84AE7 /* ILBezierPath+KitBridge.h */; settings = {ATTRIBUTES = (Public, ); }; };
		756DB22A1ED4FCF800B84AE7 /* ILBezierPath+KitBridge.m in Sources */ = {isa = PBXBuildFile; fileRef = 756DB2271ED4FCF800B84AE7 /* ILBezierPath+KitBridge.m */; };
		75B3E6541ED5F73F00E7798F /* KitBridgeFunctions.m in Sources */ = {isa = PBXBuildFile; fileRef = 75B3E6521ED5F73F00E7798F /* KitBridgeFunctions.m */; };
		75B3E6551ED5F73F00E7798F /* KitBridgeFunctions.h in Headers */ = {isa = PBXBuildFile; fileRef = 75B3E6531ED5F73F00E7798F /* KitBridgeFunctions.h */; settings = {ATTRIBUTES = (Public, ); }; };
		75B3E6571ED5F77600E7798F /* KitBridgeDefines.h in Headers */ = {isa = PBXBuildFile; fileRef = 75B3E6561ED5F77600E7798F /* KitBridgeDefines.h */; settings = {ATTRIBUTES = (Public, ); }; };
		75B3E6581ED5F77600E7798F /* KitBridgeDefines.h in Headers */ = {isa = PBXBuildFile; fileRef = 75B3E6561ED5F77600E7798F /* KitBridgeDefines.h */; settings = {ATTRIBUTES = (Public, ); }; };
		75B3E65A1ED6116600E7798F /* ILViews.h in Headers */ = {isa = PBXBuildFile; fileRef = 75B3E6591ED6116600E7798F /* ILViews.h */; settings = {ATTRIBUTES = (Public, ); }; };
		75B3E65B1ED6116600E7798F /* ILViews.h in Headers */ = {isa = PBXBuildFile; fileRef = 75B3E6591ED6116600E7798F /* ILViews.h */; settings = {ATTRIBUTES = (Public, ); }; };
		75B3E65C1ED6195F00E7798F /* ILBezierPath+KitBridge.h in Headers */ = {isa = PBXBuildFile; fileRef = 756DB2261ED4FCF800B84AE7 /* ILBezierPath+KitBridge.h */; settings = {ATTRIBUTES = (Public, ); }; };
		75B3E65D1ED6196600E7798F /* KitBridgeFunctions.h in Headers */ = {isa = PBXBuildFile; fileRef = 75B3E6531ED5F73F00E7798F /* KitBridgeFunctions.h */; settings = {ATTRIBUTES = (Public, ); }; };
		75B3E65E1ED6196D00E7798F /* KitBridgeFunctions.m in Sources */ = {isa = PBXBuildFile; fileRef = 75B3E6521ED5F73F00E7798F /* KitBridgeFunctions.m */; };
		75B3E65F1ED6197100E7798F /* ILBezierPath+KitBridge.m in Sources */ = {isa = PBXBuildFile; fileRef = 756DB2271ED4FCF800B84AE7 /* ILBezierPath+KitBridge.m */; };
		75DCBEE71ED2C81E00538D87 /* KitBridge.h in Headers */ = {isa = PBXBuildFile; fileRef = 75DCBEE51ED2C81E00538D87 /* KitBridge.h */; settings = {ATTRIBUTES = (Public, ); }; };
		75DCBEFC1ED2C99A00538D87 /* AppKit.framework in Frameworks */ = {isa = PBXBuildFile; fileRef = 75DCBEFB1ED2C99A00538D87 /* AppKit.framework */; };
		75DCBEFE1ED2C9A200538D87 /* QuartzCore.framework in Frameworks */ = {isa = PBXBuildFile; fileRef = 75DCBEFD1ED2C9A200538D87 /* QuartzCore.framework */; };
		75DCBF001ED2C9DC00538D87 /* UIKit.framework in Frameworks */ = {isa = PBXBuildFile; fileRef = 75DCBEFF1ED2C9DC00538D87 /* UIKit.framework */; };
		75DCBF021ED2C9E300538D87 /* QuartzCore.framework in Frameworks */ = {isa = PBXBuildFile; fileRef = 75DCBF011ED2C9E300538D87 /* QuartzCore.framework */; };
		75DCBF031ED2C9F000538D87 /* KitBridge.h in Headers */ = {isa = PBXBuildFile; fileRef = 75DCBEE51ED2C81E00538D87 /* KitBridge.h */; settings = {ATTRIBUTES = (Public, ); }; };
/* End PBXBuildFile section */

/* Begin PBXFileReference section */
		7506D6BB1F4CE245003392E3 /* ILColor+KitBridge.h */ = {isa = PBXFileReference; fileEncoding = 4; lastKnownFileType = sourcecode.c.h; path = "ILColor+KitBridge.h"; sourceTree = "<group>"; };
		7506D6BC1F4CE245003392E3 /* ILColor+KitBridge.m */ = {isa = PBXFileReference; fileEncoding = 4; lastKnownFileType = sourcecode.c.objc; path = "ILColor+KitBridge.m"; sourceTree = "<group>"; };
		75543AE71F2296E60050BAF2 /* ILScreen+KitBridge.h */ = {isa = PBXFileReference; fileEncoding = 4; lastKnownFileType = sourcecode.c.h; path = "ILScreen+KitBridge.h"; sourceTree = "<group>"; };
		75543AE81F2296E60050BAF2 /* ILScreen+KitBridge.m */ = {isa = PBXFileReference; fileEncoding = 4; lastKnownFileType = sourcecode.c.objc; path = "ILScreen+KitBridge.m"; sourceTree = "<group>"; };
		756DB2261ED4FCF800B84AE7 /* ILBezierPath+KitBridge.h */ = {isa = PBXFileReference; fileEncoding = 4; lastKnownFileType = sourcecode.c.h; path = "ILBezierPath+KitBridge.h"; sourceTree = "<group>"; };
		756DB2271ED4FCF800B84AE7 /* ILBezierPath+KitBridge.m */ = {isa = PBXFileReference; fileEncoding = 4; lastKnownFileType = sourcecode.c.objc; path = "ILBezierPath+KitBridge.m"; sourceTree = "<group>"; };
		75B3E6521ED5F73F00E7798F /* KitBridgeFunctions.m */ = {isa = PBXFileReference; fileEncoding = 4; lastKnownFileType = sourcecode.c.objc; path = KitBridgeFunctions.m; sourceTree = "<group>"; };
		75B3E6531ED5F73F00E7798F /* KitBridgeFunctions.h */ = {isa = PBXFileReference; fileEncoding = 4; lastKnownFileType = sourcecode.c.h; path = KitBridgeFunctions.h; sourceTree = "<group>"; };
		75B3E6561ED5F77600E7798F /* KitBridgeDefines.h */ = {isa = PBXFileReference; fileEncoding = 4; lastKnownFileType = sourcecode.c.h; path = KitBridgeDefines.h; sourceTree = "<group>"; };
		75B3E6591ED6116600E7798F /* ILViews.h */ = {isa = PBXFileReference; fileEncoding = 4; lastKnownFileType = sourcecode.c.h; path = ILViews.h; sourceTree = "<group>"; };
		75B3E6601ED62ECC00E7798F /* README.md */ = {isa = PBXFileReference; fileEncoding = 4; lastKnownFileType = net.daringfireball.markdown; path = README.md; sourceTree = "<group>"; };
		75DCBEE21ED2C81E00538D87 /* KitBridge.framework */ = {isa = PBXFileReference; explicitFileType = wrapper.framework; includeInIndex = 0; path = KitBridge.framework; sourceTree = BUILT_PRODUCTS_DIR; };
		75DCBEE51ED2C81E00538D87 /* KitBridge.h */ = {isa = PBXFileReference; lastKnownFileType = sourcecode.c.h; path = KitBridge.h; sourceTree = SOURCE_ROOT; };
		75DCBEE61ED2C81E00538D87 /* KitBridge-Info.plist */ = {isa = PBXFileReference; lastKnownFileType = text.plist.xml; path = "KitBridge-Info.plist"; sourceTree = SOURCE_ROOT; };
		75DCBEF21ED2C84B00538D87 /* KitBridge.framework */ = {isa = PBXFileReference; explicitFileType = wrapper.framework; includeInIndex = 0; path = KitBridge.framework; sourceTree = BUILT_PRODUCTS_DIR; };
		75DCBEFB1ED2C99A00538D87 /* AppKit.framework */ = {isa = PBXFileReference; lastKnownFileType = wrapper.framework; name = AppKit.framework; path = System/Library/Frameworks/AppKit.framework; sourceTree = SDKROOT; };
		75DCBEFD1ED2C9A200538D87 /* QuartzCore.framework */ = {isa = PBXFileReference; lastKnownFileType = wrapper.framework; name = QuartzCore.framework; path = System/Library/Frameworks/QuartzCore.framework; sourceTree = SDKROOT; };
		75DCBEFF1ED2C9DC00538D87 /* UIKit.framework */ = {isa = PBXFileReference; lastKnownFileType = wrapper.framework; name = UIKit.framework; path = Platforms/iPhoneOS.platform/Developer/SDKs/iPhoneOS10.3.sdk/System/Library/Frameworks/UIKit.framework; sourceTree = DEVELOPER_DIR; };
		75DCBF011ED2C9E300538D87 /* QuartzCore.framework */ = {isa = PBXFileReference; lastKnownFileType = wrapper.framework; name = QuartzCore.framework; path = Platforms/iPhoneOS.platform/Developer/SDKs/iPhoneOS10.3.sdk/System/Library/Frameworks/QuartzCore.framework; sourceTree = DEVELOPER_DIR; };
/* End PBXFileReference section */

/* Begin PBXFrameworksBuildPhase section */
		75DCBEDE1ED2C81E00538D87 /* Frameworks */ = {
			isa = PBXFrameworksBuildPhase;
			buildActionMask = 2147483647;
			files = (
				75DCBEFC1ED2C99A00538D87 /* AppKit.framework in Frameworks */,
				75DCBEFE1ED2C9A200538D87 /* QuartzCore.framework in Frameworks */,
			);
			runOnlyForDeploymentPostprocessing = 0;
		};
		75DCBEEE1ED2C84B00538D87 /* Frameworks */ = {
			isa = PBXFrameworksBuildPhase;
			buildActionMask = 2147483647;
			files = (
				75DCBF001ED2C9DC00538D87 /* UIKit.framework in Frameworks */,
				75DCBF021ED2C9E300538D87 /* QuartzCore.framework in Frameworks */,
			);
			runOnlyForDeploymentPostprocessing = 0;
		};
/* End PBXFrameworksBuildPhase section */

/* Begin PBXGroup section */
		75DCBED81ED2C81E00538D87 = {
			isa = PBXGroup;
			children = (
				75B3E6601ED62ECC00E7798F /* README.md */,
				75DCBEE61ED2C81E00538D87 /* KitBridge-Info.plist */,
				75DCBEE51ED2C81E00538D87 /* KitBridge.h */,
				75B3E6561ED5F77600E7798F /* KitBridgeDefines.h */,
				75B3E6531ED5F73F00E7798F /* KitBridgeFunctions.h */,
				75B3E6521ED5F73F00E7798F /* KitBridgeFunctions.m */,
				75B3E6591ED6116600E7798F /* ILViews.h */,
				75543AE71F2296E60050BAF2 /* ILScreen+KitBridge.h */,
				75543AE81F2296E60050BAF2 /* ILScreen+KitBridge.m */,
				756DB2261ED4FCF800B84AE7 /* ILBezierPath+KitBridge.h */,
				756DB2271ED4FCF800B84AE7 /* ILBezierPath+KitBridge.m */,
				7506D6BB1F4CE245003392E3 /* ILColor+KitBridge.h */,
				7506D6BC1F4CE245003392E3 /* ILColor+KitBridge.m */,
				75DCBEE31ED2C81E00538D87 /* Products */,
				75DCBEFA1ED2C99A00538D87 /* Frameworks */,
			);
			sourceTree = "<group>";
		};
		75DCBEE31ED2C81E00538D87 /* Products */ = {
			isa = PBXGroup;
			children = (
				75DCBEE21ED2C81E00538D87 /* KitBridge.framework */,
				75DCBEF21ED2C84B00538D87 /* KitBridge.framework */,
			);
			name = Products;
			sourceTree = "<group>";
		};
		75DCBEFA1ED2C99A00538D87 /* Frameworks */ = {
			isa = PBXGroup;
			children = (
				75DCBF011ED2C9E300538D87 /* QuartzCore.framework */,
				75DCBEFF1ED2C9DC00538D87 /* UIKit.framework */,
				75DCBEFD1ED2C9A200538D87 /* QuartzCore.framework */,
				75DCBEFB1ED2C99A00538D87 /* AppKit.framework */,
			);
			name = Frameworks;
			sourceTree = "<group>";
		};
/* End PBXGroup section */

/* Begin PBXHeadersBuildPhase section */
		75DCBEDF1ED2C81E00538D87 /* Headers */ = {
			isa = PBXHeadersBuildPhase;
			buildActionMask = 2147483647;
			files = (
				75DCBEE71ED2C81E00538D87 /* KitBridge.h in Headers */,
				75B3E6571ED5F77600E7798F /* KitBridgeDefines.h in Headers */,
				75B3E6551ED5F73F00E7798F /* KitBridgeFunctions.h in Headers */,
				75B3E65A1ED6116600E7798F /* ILViews.h in Headers */,
				75543AE91F2296E60050BAF2 /* ILScreen+KitBridge.h in Headers */,
				7506D6BD1F4CE245003392E3 /* ILColor+KitBridge.h in Headers */,
				756DB2281ED4FCF800B84AE7 /* ILBezierPath+KitBridge.h in Headers */,
			);
			runOnlyForDeploymentPostprocessing = 0;
		};
		75DCBEEF1ED2C84B00538D87 /* Headers */ = {
			isa = PBXHeadersBuildPhase;
			buildActionMask = 2147483647;
			files = (
				75DCBF031ED2C9F000538D87 /* KitBridge.h in Headers */,
				75B3E6581ED5F77600E7798F /* KitBridgeDefines.h in Headers */,
				75B3E65D1ED6196600E7798F /* KitBridgeFunctions.h in Headers */,
				75B3E65B1ED6116600E7798F /* ILViews.h in Headers */,
				75543AEB1F2297A70050BAF2 /* ILScreen+KitBridge.h in Headers */,
				75B3E65C1ED6195F00E7798F /* ILBezierPath+KitBridge.h in Headers */,
			);
			runOnlyForDeploymentPostprocessing = 0;
		};
/* End PBXHeadersBuildPhase section */

/* Begin PBXNativeTarget section */
		75DCBEE11ED2C81E00538D87 /* KitBridge (macOS) */ = {
			isa = PBXNativeTarget;
			buildConfigurationList = 75DCBEEA1ED2C81E00538D87 /* Build configuration list for PBXNativeTarget "KitBridge (macOS)" */;
			buildPhases = (
				75DCBEDD1ED2C81E00538D87 /* Sources */,
				75DCBEDE1ED2C81E00538D87 /* Frameworks */,
				75DCBEDF1ED2C81E00538D87 /* Headers */,
				75DCBEE01ED2C81E00538D87 /* Resources */,
			);
			buildRules = (
			);
			dependencies = (
			);
			name = "KitBridge (macOS)";
			productName = KitBridge;
			productReference = 75DCBEE21ED2C81E00538D87 /* KitBridge.framework */;
			productType = "com.apple.product-type.framework";
		};
		75DCBEF11ED2C84B00538D87 /* KitBridge (iOS) */ = {
			isa = PBXNativeTarget;
			buildConfigurationList = 75DCBEF71ED2C84B00538D87 /* Build configuration list for PBXNativeTarget "KitBridge (iOS)" */;
			buildPhases = (
				75DCBEED1ED2C84B00538D87 /* Sources */,
				75DCBEEE1ED2C84B00538D87 /* Frameworks */,
				75DCBEEF1ED2C84B00538D87 /* Headers */,
				75DCBEF01ED2C84B00538D87 /* Resources */,
			);
			buildRules = (
			);
			dependencies = (
			);
			name = "KitBridge (iOS)";
			productName = "KitBridge (iOS)";
			productReference = 75DCBEF21ED2C84B00538D87 /* KitBridge.framework */;
			productType = "com.apple.product-type.framework";
		};
/* End PBXNativeTarget section */

/* Begin PBXProject section */
		75DCBED91ED2C81E00538D87 /* Project object */ = {
			isa = PBXProject;
			attributes = {
				LastUpgradeCheck = 0830;
				ORGANIZATIONNAME = "iStumbler Labs";
				TargetAttributes = {
					75DCBEE11ED2C81E00538D87 = {
						CreatedOnToolsVersion = 8.3.2;
						ProvisioningStyle = Automatic;
					};
					75DCBEF11ED2C84B00538D87 = {
						CreatedOnToolsVersion = 8.3.2;
						DevelopmentTeam = E8G8ARB44Z;
						ProvisioningStyle = Automatic;
					};
				};
			};
			buildConfigurationList = 75DCBEDC1ED2C81E00538D87 /* Build configuration list for PBXProject "KitBridge" */;
			compatibilityVersion = "Xcode 3.2";
			developmentRegion = English;
			hasScannedForEncodings = 0;
			knownRegions = (
				en,
			);
			mainGroup = 75DCBED81ED2C81E00538D87;
			productRefGroup = 75DCBEE31ED2C81E00538D87 /* Products */;
			projectDirPath = "";
			projectRoot = "";
			targets = (
				75DCBEE11ED2C81E00538D87 /* KitBridge (macOS) */,
				75DCBEF11ED2C84B00538D87 /* KitBridge (iOS) */,
			);
		};
/* End PBXProject section */

/* Begin PBXResourcesBuildPhase section */
		75DCBEE01ED2C81E00538D87 /* Resources */ = {
			isa = PBXResourcesBuildPhase;
			buildActionMask = 2147483647;
			files = (
			);
			runOnlyForDeploymentPostprocessing = 0;
		};
		75DCBEF01ED2C84B00538D87 /* Resources */ = {
			isa = PBXResourcesBuildPhase;
			buildActionMask = 2147483647;
			files = (
			);
			runOnlyForDeploymentPostprocessing = 0;
		};
/* End PBXResourcesBuildPhase section */

/* Begin PBXSourcesBuildPhase section */
		75DCBEDD1ED2C81E00538D87 /* Sources */ = {
			isa = PBXSourcesBuildPhase;
			buildActionMask = 2147483647;
			files = (
				75B3E6541ED5F73F00E7798F /* KitBridgeFunctions.m in Sources */,
				75543AEA1F2296E60050BAF2 /* ILScreen+KitBridge.m in Sources */,
				7506D6BE1F4CE245003392E3 /* ILColor+KitBridge.m in Sources */,
				756DB22A1ED4FCF800B84AE7 /* ILBezierPath+KitBridge.m in Sources */,
			);
			runOnlyForDeploymentPostprocessing = 0;
		};
		75DCBEED1ED2C84B00538D87 /* Sources */ = {
			isa = PBXSourcesBuildPhase;
			buildActionMask = 2147483647;
			files = (
				75B3E65E1ED6196D00E7798F /* KitBridgeFunctions.m in Sources */,
				756C2D961F2698CA0060F718 /* ILScreen+KitBridge.m in Sources */,
				75B3E65F1ED6197100E7798F /* ILBezierPath+KitBridge.m in Sources */,
			);
			runOnlyForDeploymentPostprocessing = 0;
		};
/* End PBXSourcesBuildPhase section */

/* Begin XCBuildConfiguration section */
		75DCBEE81ED2C81E00538D87 /* Debug */ = {
			isa = XCBuildConfiguration;
			buildSettings = {
				ALWAYS_SEARCH_USER_PATHS = NO;
				CLANG_ANALYZER_NONNULL = YES;
				CLANG_ANALYZER_NUMBER_OBJECT_CONVERSION = YES_AGGRESSIVE;
				CLANG_CXX_LANGUAGE_STANDARD = "gnu++0x";
				CLANG_CXX_LIBRARY = "libc++";
				CLANG_ENABLE_MODULES = YES;
				CLANG_ENABLE_OBJC_ARC = YES;
				CLANG_WARN_BOOL_CONVERSION = YES;
				CLANG_WARN_CONSTANT_CONVERSION = YES;
				CLANG_WARN_DIRECT_OBJC_ISA_USAGE = YES_ERROR;
				CLANG_WARN_DOCUMENTATION_COMMENTS = YES;
				CLANG_WARN_EMPTY_BODY = YES;
				CLANG_WARN_ENUM_CONVERSION = YES;
				CLANG_WARN_INFINITE_RECURSION = YES;
				CLANG_WARN_INT_CONVERSION = YES;
				CLANG_WARN_OBJC_ROOT_CLASS = YES_ERROR;
				CLANG_WARN_SUSPICIOUS_MOVE = YES;
				CLANG_WARN_UNREACHABLE_CODE = YES;
				CLANG_WARN__DUPLICATE_METHOD_MATCH = YES;
				CODE_SIGN_IDENTITY = "-";
				COPY_PHASE_STRIP = NO;
				CURRENT_PROJECT_VERSION = 1;
				DEBUG_INFORMATION_FORMAT = dwarf;
				ENABLE_STRICT_OBJC_MSGSEND = YES;
				ENABLE_TESTABILITY = YES;
				GCC_C_LANGUAGE_STANDARD = gnu99;
				GCC_DYNAMIC_NO_PIC = NO;
				GCC_NO_COMMON_BLOCKS = YES;
				GCC_OPTIMIZATION_LEVEL = 0;
				GCC_PREPROCESSOR_DEFINITIONS = (
					"DEBUG=1",
					"$(inherited)",
				);
				GCC_WARN_64_TO_32_BIT_CONVERSION = YES;
				GCC_WARN_ABOUT_RETURN_TYPE = YES_ERROR;
				GCC_WARN_UNDECLARED_SELECTOR = YES;
				GCC_WARN_UNINITIALIZED_AUTOS = YES_AGGRESSIVE;
				GCC_WARN_UNUSED_FUNCTION = YES;
				GCC_WARN_UNUSED_VARIABLE = YES;
				IPHONEOS_DEPLOYMENT_TARGET = 10.0;
				MACOSX_DEPLOYMENT_TARGET = 10.10;
				MTL_ENABLE_DEBUG_INFO = YES;
				ONLY_ACTIVE_ARCH = YES;
				VERSIONING_SYSTEM = "apple-generic";
				VERSION_INFO_PREFIX = "";
			};
			name = Debug;
		};
		75DCBEE91ED2C81E00538D87 /* Release */ = {
			isa = XCBuildConfiguration;
			buildSettings = {
				ALWAYS_SEARCH_USER_PATHS = NO;
				CLANG_ANALYZER_NONNULL = YES;
				CLANG_ANALYZER_NUMBER_OBJECT_CONVERSION = YES_AGGRESSIVE;
				CLANG_CXX_LANGUAGE_STANDARD = "gnu++0x";
				CLANG_CXX_LIBRARY = "libc++";
				CLANG_ENABLE_MODULES = YES;
				CLANG_ENABLE_OBJC_ARC = YES;
				CLANG_WARN_BOOL_CONVERSION = YES;
				CLANG_WARN_CONSTANT_CONVERSION = YES;
				CLANG_WARN_DIRECT_OBJC_ISA_USAGE = YES_ERROR;
				CLANG_WARN_DOCUMENTATION_COMMENTS = YES;
				CLANG_WARN_EMPTY_BODY = YES;
				CLANG_WARN_ENUM_CONVERSION = YES;
				CLANG_WARN_INFINITE_RECURSION = YES;
				CLANG_WARN_INT_CONVERSION = YES;
				CLANG_WARN_OBJC_ROOT_CLASS = YES_ERROR;
				CLANG_WARN_SUSPICIOUS_MOVE = YES;
				CLANG_WARN_UNREACHABLE_CODE = YES;
				CLANG_WARN__DUPLICATE_METHOD_MATCH = YES;
				CODE_SIGN_IDENTITY = "-";
				COPY_PHASE_STRIP = NO;
				CURRENT_PROJECT_VERSION = 1;
				DEBUG_INFORMATION_FORMAT = "dwarf-with-dsym";
				ENABLE_NS_ASSERTIONS = NO;
				ENABLE_STRICT_OBJC_MSGSEND = YES;
				GCC_C_LANGUAGE_STANDARD = gnu99;
				GCC_NO_COMMON_BLOCKS = YES;
				GCC_WARN_64_TO_32_BIT_CONVERSION = YES;
				GCC_WARN_ABOUT_RETURN_TYPE = YES_ERROR;
				GCC_WARN_UNDECLARED_SELECTOR = YES;
				GCC_WARN_UNINITIALIZED_AUTOS = YES_AGGRESSIVE;
				GCC_WARN_UNUSED_FUNCTION = YES;
				GCC_WARN_UNUSED_VARIABLE = YES;
				IPHONEOS_DEPLOYMENT_TARGET = 10.0;
				MACOSX_DEPLOYMENT_TARGET = 10.10;
				MTL_ENABLE_DEBUG_INFO = NO;
				VERSIONING_SYSTEM = "apple-generic";
				VERSION_INFO_PREFIX = "";
			};
			name = Release;
		};
		75DCBEEB1ED2C81E00538D87 /* Debug */ = {
			isa = XCBuildConfiguration;
			buildSettings = {
				CODE_SIGN_IDENTITY = "";
				COMBINE_HIDPI_IMAGES = YES;
				DEFINES_MODULE = YES;
				DEVELOPMENT_TEAM = "";
				DYLIB_COMPATIBILITY_VERSION = 1;
				DYLIB_CURRENT_VERSION = 1;
				DYLIB_INSTALL_NAME_BASE = "@rpath";
				FRAMEWORK_VERSION = A;
				INFOPLIST_FILE = "KitBridge-Info.plist";
				INSTALL_PATH = "$(LOCAL_LIBRARY_DIR)/Frameworks";
				LD_RUNPATH_SEARCH_PATHS = "$(inherited) @executable_path/../Frameworks @loader_path/Frameworks";
				PRODUCT_BUNDLE_IDENTIFIER = net.istumbler.labs.KitBridge;
				PRODUCT_NAME = KitBridge;
				SKIP_INSTALL = YES;
			};
			name = Debug;
		};
		75DCBEEC1ED2C81E00538D87 /* Release */ = {
			isa = XCBuildConfiguration;
			buildSettings = {
				CODE_SIGN_IDENTITY = "";
				COMBINE_HIDPI_IMAGES = YES;
				DEFINES_MODULE = YES;
				DEVELOPMENT_TEAM = "";
				DYLIB_COMPATIBILITY_VERSION = 1;
				DYLIB_CURRENT_VERSION = 1;
				DYLIB_INSTALL_NAME_BASE = "@rpath";
				FRAMEWORK_VERSION = A;
				INFOPLIST_FILE = "KitBridge-Info.plist";
				INSTALL_PATH = "$(LOCAL_LIBRARY_DIR)/Frameworks";
				LD_RUNPATH_SEARCH_PATHS = "$(inherited) @executable_path/../Frameworks @loader_path/Frameworks";
				PRODUCT_BUNDLE_IDENTIFIER = net.istumbler.labs.KitBridge;
				PRODUCT_NAME = KitBridge;
				SKIP_INSTALL = YES;
			};
			name = Release;
		};
		75DCBEF81ED2C84B00538D87 /* Debug */ = {
			isa = XCBuildConfiguration;
			buildSettings = {
				CODE_SIGN_IDENTITY = "";
				"CODE_SIGN_IDENTITY[sdk=iphoneos*]" = "iPhone Developer";
				DEFINES_MODULE = YES;
				DEVELOPMENT_TEAM = E8G8ARB44Z;
				DYLIB_COMPATIBILITY_VERSION = 1;
				DYLIB_CURRENT_VERSION = 1;
				DYLIB_INSTALL_NAME_BASE = "@rpath";
				INFOPLIST_FILE = "KitBridge-Info.plist";
				INSTALL_PATH = "$(LOCAL_LIBRARY_DIR)/Frameworks";
				IPHONEOS_DEPLOYMENT_TARGET = 10.0;
				LD_RUNPATH_SEARCH_PATHS = "$(inherited) @executable_path/Frameworks @loader_path/Frameworks";
				PRODUCT_BUNDLE_IDENTIFIER = net.istumbler.labs.KitBridge;
				PRODUCT_NAME = KitBridge;
				PROVISIONING_PROFILE_SPECIFIER = "";
				SDKROOT = iphoneos;
				SKIP_INSTALL = YES;
				SUPPORTED_PLATFORMS = "iphonesimulator iphoneos appletvos appletvsimulator";
				TARGETED_DEVICE_FAMILY = "1,2";
			};
			name = Debug;
		};
		75DCBEF91ED2C84B00538D87 /* Release */ = {
			isa = XCBuildConfiguration;
			buildSettings = {
				CODE_SIGN_IDENTITY = "";
				"CODE_SIGN_IDENTITY[sdk=iphoneos*]" = "iPhone Developer";
				DEFINES_MODULE = YES;
				DEVELOPMENT_TEAM = E8G8ARB44Z;
				DYLIB_COMPATIBILITY_VERSION = 1;
				DYLIB_CURRENT_VERSION = 1;
				DYLIB_INSTALL_NAME_BASE = "@rpath";
				INFOPLIST_FILE = "KitBridge-Info.plist";
				INSTALL_PATH = "$(LOCAL_LIBRARY_DIR)/Frameworks";
				IPHONEOS_DEPLOYMENT_TARGET = 10.0;
				LD_RUNPATH_SEARCH_PATHS = "$(inherited) @executable_path/Frameworks @loader_path/Frameworks";
				PRODUCT_BUNDLE_IDENTIFIER = net.istumbler.labs.KitBridge;
				PRODUCT_NAME = KitBridge;
				PROVISIONING_PROFILE_SPECIFIER = "";
				SDKROOT = iphoneos;
				SKIP_INSTALL = YES;
				SUPPORTED_PLATFORMS = "iphonesimulator iphoneos appletvos appletvsimulator";
				TARGETED_DEVICE_FAMILY = "1,2";
				VALIDATE_PRODUCT = YES;
			};
			name = Release;
		};
/* End XCBuildConfiguration section */

/* Begin XCConfigurationList section */
		75DCBEDC1ED2C81E00538D87 /* Build configuration list for PBXProject "KitBridge" */ = {
			isa = XCConfigurationList;
			buildConfigurations = (
				75DCBEE81ED2C81E00538D87 /* Debug */,
				75DCBEE91ED2C81E00538D87 /* Release */,
			);
			defaultConfigurationIsVisible = 0;
			defaultConfigurationName = Release;
		};
		75DCBEEA1ED2C81E00538D87 /* Build configuration list for PBXNativeTarget "KitBridge (macOS)" */ = {
			isa = XCConfigurationList;
			buildConfigurations = (
				75DCBEEB1ED2C81E00538D87 /* Debug */,
				75DCBEEC1ED2C81E00538D87 /* Release */,
			);
			defaultConfigurationIsVisible = 0;
			defaultConfigurationName = Release;
		};
		75DCBEF71ED2C84B00538D87 /* Build configuration list for PBXNativeTarget "KitBridge (iOS)" */ = {
			isa = XCConfigurationList;
			buildConfigurations = (
				75DCBEF81ED2C84B00538D87 /* Debug */,
				75DCBEF91ED2C84B00538D87 /* Release */,
			);
			defaultConfigurationIsVisible = 0;
			defaultConfigurationName = Release;
		};
/* End XCConfigurationList section */
	};
	rootObject = 75DCBED91ED2C81E00538D87 /* Project object */;
}
